
Microsoft Visual Studio Solution File, Format Version 12.00
# Visual Studio Version 17
VisualStudioVersion = 17.8.34525.116
MinimumVisualStudioVersion = 10.0.40219.1
Project("{8BC9CEB8-8B4A-11D0-8D11-00A0C91BC942}") = "Exercise11", "Exercise11\Exercise11.vcxproj", "{A3A1AE49-B04B-4A7B-83A5-3654E9A9B263}"
EndProject
Global
	GlobalSection(SolutionConfigurationPlatforms) = preSolution
		Debug|x64 = Debug|x64
		Debug|x86 = Debug|x86
		Release|x64 = Release|x64
		Release|x86 = Release|x86
	EndGlobalSection
	GlobalSection(ProjectConfigurationPlatforms) = postSolution
		{A3A1AE49-B04B-4A7B-83A5-3654E9A9B263}.Debug|x64.ActiveCfg = Debug|x64
		{A3A1AE49-B04B-4A7B-83A5-3654E9A9B263}.Debug|x64.Build.0 = Debug|x64
		{A3A1AE49-B04B-4A7B-83A5-3654E9A9B263}.Debug|x86.ActiveCfg = Debug|Win32
		{A3A1AE49-B04B-4A7B-83A5-3654E9A9B263}.Debug|x86.Build.0 = Debug|Win32
		{A3A1AE49-B04B-4A7B-83A5-3654E9A9B263}.Release|x64.ActiveCfg = Release|x64
		{A3A1AE49-B04B-4A7B-83A5-3654E9A9B263}.Release|x64.Build.0 = Release|x64
		{A3A1AE49-B04B-4A7B-83A5-3654E9A9B263}.Release|x86.ActiveCfg = Release|Win32
		{A3A1AE49-B04B-4A7B-83A5-3654E9A9B263}.Release|x86.Build.0 = Release|Win32
	EndGlobalSection
	GlobalSection(SolutionProperties) = preSolution
		HideSolutionNode = FALSE
	EndGlobalSection
	GlobalSection(ExtensibilityGlobals) = postSolution
		SolutionGuid = {6F955F1C-4998-4A95-82B1-E497DB8F2F6F}
	EndGlobalSection
EndGlobal
