
Microsoft Visual Studio Solution File, Format Version 12.00
# Visual Studio Version 17
VisualStudioVersion = 17.8.34525.116
MinimumVisualStudioVersion = 10.0.40219.1
Project("{8BC9CEB8-8B4A-11D0-8D11-00A0C91BC942}") = "Exercise18", "Exercise18.vcxproj", "{167FA75B-73AD-4705-A34D-909B546FE71E}"
EndProject
Global
	GlobalSection(SolutionConfigurationPlatforms) = preSolution
		Debug|x64 = Debug|x64
		Debug|x86 = Debug|x86
		Release|x64 = Release|x64
		Release|x86 = Release|x86
	EndGlobalSection
	GlobalSection(ProjectConfigurationPlatforms) = postSolution
		{167FA75B-73AD-4705-A34D-909B546FE71E}.Debug|x64.ActiveCfg = Debug|x64
		{167FA75B-73AD-4705-A34D-909B546FE71E}.Debug|x64.Build.0 = Debug|x64
		{167FA75B-73AD-4705-A34D-909B546FE71E}.Debug|x86.ActiveCfg = Debug|Win32
		{167FA75B-73AD-4705-A34D-909B546FE71E}.Debug|x86.Build.0 = Debug|Win32
		{167FA75B-73AD-4705-A34D-909B546FE71E}.Release|x64.ActiveCfg = Release|x64
		{167FA75B-73AD-4705-A34D-909B546FE71E}.Release|x64.Build.0 = Release|x64
		{167FA75B-73AD-4705-A34D-909B546FE71E}.Release|x86.ActiveCfg = Release|Win32
		{167FA75B-73AD-4705-A34D-909B546FE71E}.Release|x86.Build.0 = Release|Win32
	EndGlobalSection
	GlobalSection(SolutionProperties) = preSolution
		HideSolutionNode = FALSE
	EndGlobalSection
	GlobalSection(ExtensibilityGlobals) = postSolution
		SolutionGuid = {C6FC8FAF-8429-4DE9-BFA9-DB649F8EA07F}
	EndGlobalSection
EndGlobal
